// !$*UTF8*$!
{
	archiveVersion = 1;
	classes = {
	};
	objectVersion = 46;
	objects = {

/* Begin PBXBuildFile section */
		C9B3E16F1C60D1510006D44B /* AppDelegate.swift in Sources */ = {isa = PBXBuildFile; fileRef = C9B3E16E1C60D1510006D44B /* AppDelegate.swift */; };
		C9B3E1741C60D1510006D44B /* Main.storyboard in Resources */ = {isa = PBXBuildFile; fileRef = C9B3E1721C60D1510006D44B /* Main.storyboard */; };
		C9B3E1761C60D1510006D44B /* Assets.xcassets in Resources */ = {isa = PBXBuildFile; fileRef = C9B3E1751C60D1510006D44B /* Assets.xcassets */; };
		C9B3E1791C60D1510006D44B /* LaunchScreen.storyboard in Resources */ = {isa = PBXBuildFile; fileRef = C9B3E1771C60D1510006D44B /* LaunchScreen.storyboard */; };
		C9B3E1841C60D1510006D44B /* CCWeiboTests.swift in Sources */ = {isa = PBXBuildFile; fileRef = C9B3E1831C60D1510006D44B /* CCWeiboTests.swift */; };
		C9B3E18F1C60D1510006D44B /* CCWeiboUITests.swift in Sources */ = {isa = PBXBuildFile; fileRef = C9B3E18E1C60D1510006D44B /* CCWeiboUITests.swift */; };
		C9B3E1A41C60E1B10006D44B /* MainTabBarController.swift in Sources */ = {isa = PBXBuildFile; fileRef = C9B3E1A31C60E1B10006D44B /* MainTabBarController.swift */; };
		C9B3E1A61C60EF720006D44B /* DiscoverTableViewController.swift in Sources */ = {isa = PBXBuildFile; fileRef = C9B3E1A51C60EF720006D44B /* DiscoverTableViewController.swift */; };
		C9B3E1A81C60EF890006D44B /* HomeTableViewController.swift in Sources */ = {isa = PBXBuildFile; fileRef = C9B3E1A71C60EF890006D44B /* HomeTableViewController.swift */; };
		C9B3E1AA1C60EF9B0006D44B /* MessageTableViewController.swift in Sources */ = {isa = PBXBuildFile; fileRef = C9B3E1A91C60EF9B0006D44B /* MessageTableViewController.swift */; };
		C9B3E1AC1C60EFB60006D44B /* ProfileTableViewController.swift in Sources */ = {isa = PBXBuildFile; fileRef = C9B3E1AB1C60EFB60006D44B /* ProfileTableViewController.swift */; };
		C9B3E1AF1C618C970006D44B /* Home.storyboard in Resources */ = {isa = PBXBuildFile; fileRef = C9B3E1AD1C618C970006D44B /* Home.storyboard */; };
		C9B3E1B11C618CB70006D44B /* Discover.storyboard in Resources */ = {isa = PBXBuildFile; fileRef = C9B3E1B01C618CB70006D44B /* Discover.storyboard */; };
		C9B3E1B41C618CDB0006D44B /* Message.storyboard in Resources */ = {isa = PBXBuildFile; fileRef = C9B3E1B21C618CDB0006D44B /* Message.storyboard */; };
		C9B3E1B61C618CE90006D44B /* Profile.storyboard in Resources */ = {isa = PBXBuildFile; fileRef = C9B3E1B51C618CE90006D44B /* Profile.storyboard */; };
/* End PBXBuildFile section */

/* Begin PBXContainerItemProxy section */
		C9B3E1801C60D1510006D44B /* PBXContainerItemProxy */ = {
			isa = PBXContainerItemProxy;
			containerPortal = C9B3E1631C60D1510006D44B /* Project object */;
			proxyType = 1;
			remoteGlobalIDString = C9B3E16A1C60D1510006D44B;
			remoteInfo = CCWeibo;
		};
		C9B3E18B1C60D1510006D44B /* PBXContainerItemProxy */ = {
			isa = PBXContainerItemProxy;
			containerPortal = C9B3E1631C60D1510006D44B /* Project object */;
			proxyType = 1;
			remoteGlobalIDString = C9B3E16A1C60D1510006D44B;
			remoteInfo = CCWeibo;
		};
/* End PBXContainerItemProxy section */

/* Begin PBXFileReference section */
		C9B3E16B1C60D1510006D44B /* CCWeibo.app */ = {isa = PBXFileReference; explicitFileType = wrapper.application; includeInIndex = 0; path = CCWeibo.app; sourceTree = BUILT_PRODUCTS_DIR; };
		C9B3E16E1C60D1510006D44B /* AppDelegate.swift */ = {isa = PBXFileReference; lastKnownFileType = sourcecode.swift; path = AppDelegate.swift; sourceTree = "<group>"; };
		C9B3E1731C60D1510006D44B /* Base */ = {isa = PBXFileReference; lastKnownFileType = file.storyboard; name = Base; path = Base.lproj/Main.storyboard; sourceTree = "<group>"; };
		C9B3E1751C60D1510006D44B /* Assets.xcassets */ = {isa = PBXFileReference; lastKnownFileType = folder.assetcatalog; path = Assets.xcassets; sourceTree = "<group>"; };
		C9B3E1781C60D1510006D44B /* Base */ = {isa = PBXFileReference; lastKnownFileType = file.storyboard; name = Base; path = Base.lproj/LaunchScreen.storyboard; sourceTree = "<group>"; };
		C9B3E17A1C60D1510006D44B /* Info.plist */ = {isa = PBXFileReference; lastKnownFileType = text.plist.xml; path = Info.plist; sourceTree = "<group>"; };
		C9B3E17F1C60D1510006D44B /* CCWeiboTests.xctest */ = {isa = PBXFileReference; explicitFileType = wrapper.cfbundle; includeInIndex = 0; path = CCWeiboTests.xctest; sourceTree = BUILT_PRODUCTS_DIR; };
		C9B3E1831C60D1510006D44B /* CCWeiboTests.swift */ = {isa = PBXFileReference; lastKnownFileType = sourcecode.swift; path = CCWeiboTests.swift; sourceTree = "<group>"; };
		C9B3E1851C60D1510006D44B /* Info.plist */ = {isa = PBXFileReference; lastKnownFileType = text.plist.xml; path = Info.plist; sourceTree = "<group>"; };
		C9B3E18A1C60D1510006D44B /* CCWeiboUITests.xctest */ = {isa = PBXFileReference; explicitFileType = wrapper.cfbundle; includeInIndex = 0; path = CCWeiboUITests.xctest; sourceTree = BUILT_PRODUCTS_DIR; };
		C9B3E18E1C60D1510006D44B /* CCWeiboUITests.swift */ = {isa = PBXFileReference; lastKnownFileType = sourcecode.swift; path = CCWeiboUITests.swift; sourceTree = "<group>"; };
		C9B3E1901C60D1510006D44B /* Info.plist */ = {isa = PBXFileReference; lastKnownFileType = text.plist.xml; path = Info.plist; sourceTree = "<group>"; };
		C9B3E1A31C60E1B10006D44B /* MainTabBarController.swift */ = {isa = PBXFileReference; fileEncoding = 4; lastKnownFileType = sourcecode.swift; path = MainTabBarController.swift; sourceTree = "<group>"; };
		C9B3E1A51C60EF720006D44B /* DiscoverTableViewController.swift */ = {isa = PBXFileReference; fileEncoding = 4; lastKnownFileType = sourcecode.swift; path = DiscoverTableViewController.swift; sourceTree = "<group>"; };
		C9B3E1A71C60EF890006D44B /* HomeTableViewController.swift */ = {isa = PBXFileReference; fileEncoding = 4; lastKnownFileType = sourcecode.swift; path = HomeTableViewController.swift; sourceTree = "<group>"; };
		C9B3E1A91C60EF9B0006D44B /* MessageTableViewController.swift */ = {isa = PBXFileReference; fileEncoding = 4; lastKnownFileType = sourcecode.swift; path = MessageTableViewController.swift; sourceTree = "<group>"; };
		C9B3E1AB1C60EFB60006D44B /* ProfileTableViewController.swift */ = {isa = PBXFileReference; fileEncoding = 4; lastKnownFileType = sourcecode.swift; path = ProfileTableViewController.swift; sourceTree = "<group>"; };
		C9B3E1AE1C618C970006D44B /* Base */ = {isa = PBXFileReference; lastKnownFileType = file.storyboard; name = Base; path = Base.lproj/Home.storyboard; sourceTree = "<group>"; };
		C9B3E1B01C618CB70006D44B /* Discover.storyboard */ = {isa = PBXFileReference; fileEncoding = 4; lastKnownFileType = file.storyboard; path = Discover.storyboard; sourceTree = "<group>"; };
		C9B3E1B31C618CDB0006D44B /* Base */ = {isa = PBXFileReference; lastKnownFileType = file.storyboard; name = Base; path = Base.lproj/Message.storyboard; sourceTree = "<group>"; };
		C9B3E1B51C618CE90006D44B /* Profile.storyboard */ = {isa = PBXFileReference; fileEncoding = 4; lastKnownFileType = file.storyboard; path = Profile.storyboard; sourceTree = "<group>"; };
/* End PBXFileReference section */

/* Begin PBXFrameworksBuildPhase section */
		C9B3E1681C60D1510006D44B /* Frameworks */ = {
			isa = PBXFrameworksBuildPhase;
			buildActionMask = 2147483647;
			files = (
			);
			runOnlyForDeploymentPostprocessing = 0;
		};
		C9B3E17C1C60D1510006D44B /* Frameworks */ = {
			isa = PBXFrameworksBuildPhase;
			buildActionMask = 2147483647;
			files = (
			);
			runOnlyForDeploymentPostprocessing = 0;
		};
		C9B3E1871C60D1510006D44B /* Frameworks */ = {
			isa = PBXFrameworksBuildPhase;
			buildActionMask = 2147483647;
			files = (
			);
			runOnlyForDeploymentPostprocessing = 0;
		};
/* End PBXFrameworksBuildPhase section */

/* Begin PBXGroup section */
		C9B3E1621C60D1510006D44B = {
			isa = PBXGroup;
			children = (
				C9B3E16D1C60D1510006D44B /* CCWeibo */,
				C9B3E1821C60D1510006D44B /* CCWeiboTests */,
				C9B3E18D1C60D1510006D44B /* CCWeiboUITests */,
				C9B3E16C1C60D1510006D44B /* Products */,
			);
			sourceTree = "<group>";
		};
		C9B3E16C1C60D1510006D44B /* Products */ = {
			isa = PBXGroup;
			children = (
				C9B3E16B1C60D1510006D44B /* CCWeibo.app */,
				C9B3E17F1C60D1510006D44B /* CCWeiboTests.xctest */,
				C9B3E18A1C60D1510006D44B /* CCWeiboUITests.xctest */,
			);
			name = Products;
			sourceTree = "<group>";
		};
		C9B3E16D1C60D1510006D44B /* CCWeibo */ = {
			isa = PBXGroup;
			children = (
				C9B3E19C1C60DBB70006D44B /* Classes */,
				C9B3E16E1C60D1510006D44B /* AppDelegate.swift */,
				C9B3E1721C60D1510006D44B /* Main.storyboard */,
				C9B3E1B51C618CE90006D44B /* Profile.storyboard */,
				C9B3E1B21C618CDB0006D44B /* Message.storyboard */,
				C9B3E1B01C618CB70006D44B /* Discover.storyboard */,
				C9B3E1AD1C618C970006D44B /* Home.storyboard */,
				C9B3E1751C60D1510006D44B /* Assets.xcassets */,
				C9B3E1771C60D1510006D44B /* LaunchScreen.storyboard */,
				C9B3E17A1C60D1510006D44B /* Info.plist */,
			);
			path = CCWeibo;
			sourceTree = "<group>";
		};
		C9B3E1821C60D1510006D44B /* CCWeiboTests */ = {
			isa = PBXGroup;
			children = (
				C9B3E1831C60D1510006D44B /* CCWeiboTests.swift */,
				C9B3E1851C60D1510006D44B /* Info.plist */,
			);
			path = CCWeiboTests;
			sourceTree = "<group>";
		};
		C9B3E18D1C60D1510006D44B /* CCWeiboUITests */ = {
			isa = PBXGroup;
			children = (
				C9B3E18E1C60D1510006D44B /* CCWeiboUITests.swift */,
				C9B3E1901C60D1510006D44B /* Info.plist */,
			);
			path = CCWeiboUITests;
			sourceTree = "<group>";
		};
		C9B3E19C1C60DBB70006D44B /* Classes */ = {
			isa = PBXGroup;
			children = (
				C9B3E19D1C60DBB70006D44B /* Discover */,
				C9B3E19E1C60DBB70006D44B /* Home */,
				C9B3E19F1C60DBB70006D44B /* Main */,
				C9B3E1A01C60DBB70006D44B /* Message */,
				C9B3E1A11C60DBB70006D44B /* Profile */,
				C9B3E1A21C60DBB70006D44B /* Utils */,
			);
			path = Classes;
			sourceTree = "<group>";
		};
		C9B3E19D1C60DBB70006D44B /* Discover */ = {
			isa = PBXGroup;
			children = (
				C9B3E1A51C60EF720006D44B /* DiscoverTableViewController.swift */,
			);
			path = Discover;
			sourceTree = "<group>";
		};
		C9B3E19E1C60DBB70006D44B /* Home */ = {
			isa = PBXGroup;
			children = (
				C9B3E1A71C60EF890006D44B /* HomeTableViewController.swift */,
			);
			path = Home;
			sourceTree = "<group>";
		};
		C9B3E19F1C60DBB70006D44B /* Main */ = {
			isa = PBXGroup;
			children = (
				C9B3E1A31C60E1B10006D44B /* MainTabBarController.swift */,
			);
			path = Main;
			sourceTree = "<group>";
		};
		C9B3E1A01C60DBB70006D44B /* Message */ = {
			isa = PBXGroup;
			children = (
				C9B3E1A91C60EF9B0006D44B /* MessageTableViewController.swift */,
			);
			path = Message;
			sourceTree = "<group>";
		};
		C9B3E1A11C60DBB70006D44B /* Profile */ = {
			isa = PBXGroup;
			children = (
				C9B3E1AB1C60EFB60006D44B /* ProfileTableViewController.swift */,
			);
			path = Profile;
			sourceTree = "<group>";
		};
		C9B3E1A21C60DBB70006D44B /* Utils */ = {
			isa = PBXGroup;
			children = (
			);
			path = Utils;
			sourceTree = "<group>";
		};
/* End PBXGroup section */

/* Begin PBXNativeTarget section */
		C9B3E16A1C60D1510006D44B /* CCWeibo */ = {
			isa = PBXNativeTarget;
			buildConfigurationList = C9B3E1931C60D1510006D44B /* Build configuration list for PBXNativeTarget "CCWeibo" */;
			buildPhases = (
				C9B3E1671C60D1510006D44B /* Sources */,
				C9B3E1681C60D1510006D44B /* Frameworks */,
				C9B3E1691C60D1510006D44B /* Resources */,
			);
			buildRules = (
			);
			dependencies = (
			);
			name = CCWeibo;
			productName = CCWeibo;
			productReference = C9B3E16B1C60D1510006D44B /* CCWeibo.app */;
			productType = "com.apple.product-type.application";
		};
		C9B3E17E1C60D1510006D44B /* CCWeiboTests */ = {
			isa = PBXNativeTarget;
			buildConfigurationList = C9B3E1961C60D1510006D44B /* Build configuration list for PBXNativeTarget "CCWeiboTests" */;
			buildPhases = (
				C9B3E17B1C60D1510006D44B /* Sources */,
				C9B3E17C1C60D1510006D44B /* Frameworks */,
				C9B3E17D1C60D1510006D44B /* Resources */,
			);
			buildRules = (
			);
			dependencies = (
				C9B3E1811C60D1510006D44B /* PBXTargetDependency */,
			);
			name = CCWeiboTests;
			productName = CCWeiboTests;
			productReference = C9B3E17F1C60D1510006D44B /* CCWeiboTests.xctest */;
			productType = "com.apple.product-type.bundle.unit-test";
		};
		C9B3E1891C60D1510006D44B /* CCWeiboUITests */ = {
			isa = PBXNativeTarget;
			buildConfigurationList = C9B3E1991C60D1510006D44B /* Build configuration list for PBXNativeTarget "CCWeiboUITests" */;
			buildPhases = (
				C9B3E1861C60D1510006D44B /* Sources */,
				C9B3E1871C60D1510006D44B /* Frameworks */,
				C9B3E1881C60D1510006D44B /* Resources */,
			);
			buildRules = (
			);
			dependencies = (
				C9B3E18C1C60D1510006D44B /* PBXTargetDependency */,
			);
			name = CCWeiboUITests;
			productName = CCWeiboUITests;
			productReference = C9B3E18A1C60D1510006D44B /* CCWeiboUITests.xctest */;
			productType = "com.apple.product-type.bundle.ui-testing";
		};
/* End PBXNativeTarget section */

/* Begin PBXProject section */
		C9B3E1631C60D1510006D44B /* Project object */ = {
			isa = PBXProject;
			attributes = {
				LastSwiftUpdateCheck = 0730;
				LastUpgradeCheck = 0730;
				ORGANIZATIONNAME = "徐才超";
				TargetAttributes = {
					C9B3E16A1C60D1510006D44B = {
						CreatedOnToolsVersion = 7.3;
					};
					C9B3E17E1C60D1510006D44B = {
						CreatedOnToolsVersion = 7.3;
						TestTargetID = C9B3E16A1C60D1510006D44B;
					};
					C9B3E1891C60D1510006D44B = {
						CreatedOnToolsVersion = 7.3;
						TestTargetID = C9B3E16A1C60D1510006D44B;
					};
				};
			};
			buildConfigurationList = C9B3E1661C60D1510006D44B /* Build configuration list for PBXProject "CCWeibo" */;
			compatibilityVersion = "Xcode 3.2";
			developmentRegion = English;
			hasScannedForEncodings = 0;
			knownRegions = (
				en,
				Base,
			);
			mainGroup = C9B3E1621C60D1510006D44B;
			productRefGroup = C9B3E16C1C60D1510006D44B /* Products */;
			projectDirPath = "";
			projectRoot = "";
			targets = (
				C9B3E16A1C60D1510006D44B /* CCWeibo */,
				C9B3E17E1C60D1510006D44B /* CCWeiboTests */,
				C9B3E1891C60D1510006D44B /* CCWeiboUITests */,
			);
		};
/* End PBXProject section */

/* Begin PBXResourcesBuildPhase section */
		C9B3E1691C60D1510006D44B /* Resources */ = {
			isa = PBXResourcesBuildPhase;
			buildActionMask = 2147483647;
			files = (
				C9B3E1791C60D1510006D44B /* LaunchScreen.storyboard in Resources */,
				C9B3E1761C60D1510006D44B /* Assets.xcassets in Resources */,
				C9B3E1B11C618CB70006D44B /* Discover.storyboard in Resources */,
				C9B3E1741C60D1510006D44B /* Main.storyboard in Resources */,
				C9B3E1B41C618CDB0006D44B /* Message.storyboard in Resources */,
				C9B3E1B61C618CE90006D44B /* Profile.storyboard in Resources */,
				C9B3E1AF1C618C970006D44B /* Home.storyboard in Resources */,
			);
			runOnlyForDeploymentPostprocessing = 0;
		};
		C9B3E17D1C60D1510006D44B /* Resources */ = {
			isa = PBXResourcesBuildPhase;
			buildActionMask = 2147483647;
			files = (
			);
			runOnlyForDeploymentPostprocessing = 0;
		};
		C9B3E1881C60D1510006D44B /* Resources */ = {
			isa = PBXResourcesBuildPhase;
			buildActionMask = 2147483647;
			files = (
			);
			runOnlyForDeploymentPostprocessing = 0;
		};
/* End PBXResourcesBuildPhase section */

/* Begin PBXSourcesBuildPhase section */
		C9B3E1671C60D1510006D44B /* Sources */ = {
			isa = PBXSourcesBuildPhase;
			buildActionMask = 2147483647;
			files = (
				C9B3E1AC1C60EFB60006D44B /* ProfileTableViewController.swift in Sources */,
				C9B3E1A81C60EF890006D44B /* HomeTableViewController.swift in Sources */,
				C9B3E1A41C60E1B10006D44B /* MainTabBarController.swift in Sources */,
				C9B3E1AA1C60EF9B0006D44B /* MessageTableViewController.swift in Sources */,
				C9B3E1A61C60EF720006D44B /* DiscoverTableViewController.swift in Sources */,
				C9B3E16F1C60D1510006D44B /* AppDelegate.swift in Sources */,
			);
			runOnlyForDeploymentPostprocessing = 0;
		};
		C9B3E17B1C60D1510006D44B /* Sources */ = {
			isa = PBXSourcesBuildPhase;
			buildActionMask = 2147483647;
			files = (
				C9B3E1841C60D1510006D44B /* CCWeiboTests.swift in Sources */,
			);
			runOnlyForDeploymentPostprocessing = 0;
		};
		C9B3E1861C60D1510006D44B /* Sources */ = {
			isa = PBXSourcesBuildPhase;
			buildActionMask = 2147483647;
			files = (
				C9B3E18F1C60D1510006D44B /* CCWeiboUITests.swift in Sources */,
			);
			runOnlyForDeploymentPostprocessing = 0;
		};
/* End PBXSourcesBuildPhase section */

/* Begin PBXTargetDependency section */
		C9B3E1811C60D1510006D44B /* PBXTargetDependency */ = {
			isa = PBXTargetDependency;
			target = C9B3E16A1C60D1510006D44B /* CCWeibo */;
			targetProxy = C9B3E1801C60D1510006D44B /* PBXContainerItemProxy */;
		};
		C9B3E18C1C60D1510006D44B /* PBXTargetDependency */ = {
			isa = PBXTargetDependency;
			target = C9B3E16A1C60D1510006D44B /* CCWeibo */;
			targetProxy = C9B3E18B1C60D1510006D44B /* PBXContainerItemProxy */;
		};
/* End PBXTargetDependency section */

/* Begin PBXVariantGroup section */
		C9B3E1721C60D1510006D44B /* Main.storyboard */ = {
			isa = PBXVariantGroup;
			children = (
				C9B3E1731C60D1510006D44B /* Base */,
			);
			name = Main.storyboard;
			sourceTree = "<group>";
		};
		C9B3E1771C60D1510006D44B /* LaunchScreen.storyboard */ = {
			isa = PBXVariantGroup;
			children = (
				C9B3E1781C60D1510006D44B /* Base */,
			);
			name = LaunchScreen.storyboard;
			sourceTree = "<group>";
		};
		C9B3E1AD1C618C970006D44B /* Home.storyboard */ = {
			isa = PBXVariantGroup;
			children = (
				C9B3E1AE1C618C970006D44B /* Base */,
			);
			name = Home.storyboard;
			sourceTree = "<group>";
		};
		C9B3E1B21C618CDB0006D44B /* Message.storyboard */ = {
			isa = PBXVariantGroup;
			children = (
				C9B3E1B31C618CDB0006D44B /* Base */,
			);
			name = Message.storyboard;
			sourceTree = "<group>";
		};
/* End PBXVariantGroup section */

/* Begin XCBuildConfiguration section */
		C9B3E1911C60D1510006D44B /* Debug */ = {
			isa = XCBuildConfiguration;
			buildSettings = {
				ALWAYS_SEARCH_USER_PATHS = NO;
				CLANG_CXX_LANGUAGE_STANDARD = "gnu++0x";
				CLANG_CXX_LIBRARY = "libc++";
				CLANG_ENABLE_MODULES = YES;
				CLANG_ENABLE_OBJC_ARC = YES;
				CLANG_WARN_BOOL_CONVERSION = YES;
				CLANG_WARN_CONSTANT_CONVERSION = YES;
				CLANG_WARN_DIRECT_OBJC_ISA_USAGE = YES_ERROR;
				CLANG_WARN_EMPTY_BODY = YES;
				CLANG_WARN_ENUM_CONVERSION = YES;
				CLANG_WARN_INT_CONVERSION = YES;
				CLANG_WARN_OBJC_ROOT_CLASS = YES_ERROR;
				CLANG_WARN_UNREACHABLE_CODE = YES;
				CLANG_WARN__DUPLICATE_METHOD_MATCH = YES;
				"CODE_SIGN_IDENTITY[sdk=iphoneos*]" = "iPhone Developer";
				COPY_PHASE_STRIP = NO;
				DEBUG_INFORMATION_FORMAT = dwarf;
				ENABLE_STRICT_OBJC_MSGSEND = YES;
				ENABLE_TESTABILITY = YES;
				GCC_C_LANGUAGE_STANDARD = gnu99;
				GCC_DYNAMIC_NO_PIC = NO;
				GCC_NO_COMMON_BLOCKS = YES;
				GCC_OPTIMIZATION_LEVEL = 0;
				GCC_PREPROCESSOR_DEFINITIONS = (
					"DEBUG=1",
					"$(inherited)",
				);
				GCC_WARN_64_TO_32_BIT_CONVERSION = YES;
				GCC_WARN_ABOUT_RETURN_TYPE = YES_ERROR;
				GCC_WARN_UNDECLARED_SELECTOR = YES;
				GCC_WARN_UNINITIALIZED_AUTOS = YES_AGGRESSIVE;
				GCC_WARN_UNUSED_FUNCTION = YES;
				GCC_WARN_UNUSED_VARIABLE = YES;
				IPHONEOS_DEPLOYMENT_TARGET = 9.3;
				MTL_ENABLE_DEBUG_INFO = YES;
				ONLY_ACTIVE_ARCH = YES;
				SDKROOT = iphoneos;
				SWIFT_OPTIMIZATION_LEVEL = "-Onone";
			};
			name = Debug;
		};
		C9B3E1921C60D1510006D44B /* Release */ = {
			isa = XCBuildConfiguration;
			buildSettings = {
				ALWAYS_SEARCH_USER_PATHS = NO;
				CLANG_CXX_LANGUAGE_STANDARD = "gnu++0x";
				CLANG_CXX_LIBRARY = "libc++";
				CLANG_ENABLE_MODULES = YES;
				CLANG_ENABLE_OBJC_ARC = YES;
				CLANG_WARN_BOOL_CONVERSION = YES;
				CLANG_WARN_CONSTANT_CONVERSION = YES;
				CLANG_WARN_DIRECT_OBJC_ISA_USAGE = YES_ERROR;
				CLANG_WARN_EMPTY_BODY = YES;
				CLANG_WARN_ENUM_CONVERSION = YES;
				CLANG_WARN_INT_CONVERSION = YES;
				CLANG_WARN_OBJC_ROOT_CLASS = YES_ERROR;
				CLANG_WARN_UNREACHABLE_CODE = YES;
				CLANG_WARN__DUPLICATE_METHOD_MATCH = YES;
				"CODE_SIGN_IDENTITY[sdk=iphoneos*]" = "iPhone Developer";
				COPY_PHASE_STRIP = NO;
				DEBUG_INFORMATION_FORMAT = "dwarf-with-dsym";
				ENABLE_NS_ASSERTIONS = NO;
				ENABLE_STRICT_OBJC_MSGSEND = YES;
				GCC_C_LANGUAGE_STANDARD = gnu99;
				GCC_NO_COMMON_BLOCKS = YES;
				GCC_WARN_64_TO_32_BIT_CONVERSION = YES;
				GCC_WARN_ABOUT_RETURN_TYPE = YES_ERROR;
				GCC_WARN_UNDECLARED_SELECTOR = YES;
				GCC_WARN_UNINITIALIZED_AUTOS = YES_AGGRESSIVE;
				GCC_WARN_UNUSED_FUNCTION = YES;
				GCC_WARN_UNUSED_VARIABLE = YES;
				IPHONEOS_DEPLOYMENT_TARGET = 9.3;
				MTL_ENABLE_DEBUG_INFO = NO;
				SDKROOT = iphoneos;
				VALIDATE_PRODUCT = YES;
			};
			name = Release;
		};
		C9B3E1941C60D1510006D44B /* Debug */ = {
			isa = XCBuildConfiguration;
			buildSettings = {
				ASSETCATALOG_COMPILER_APPICON_NAME = AppIcon;
				INFOPLIST_FILE = CCWeibo/Info.plist;
				IPHONEOS_DEPLOYMENT_TARGET = 9.0;
				LD_RUNPATH_SEARCH_PATHS = "$(inherited) @executable_path/Frameworks";
				PRODUCT_BUNDLE_IDENTIFIER = cc.cache.CCWeibo;
				PRODUCT_NAME = "$(TARGET_NAME)";
			};
			name = Debug;
		};
		C9B3E1951C60D1510006D44B /* Release */ = {
			isa = XCBuildConfiguration;
			buildSettings = {
				ASSETCATALOG_COMPILER_APPICON_NAME = AppIcon;
				INFOPLIST_FILE = CCWeibo/Info.plist;
				IPHONEOS_DEPLOYMENT_TARGET = 9.0;
				LD_RUNPATH_SEARCH_PATHS = "$(inherited) @executable_path/Frameworks";
				PRODUCT_BUNDLE_IDENTIFIER = cc.cache.CCWeibo;
				PRODUCT_NAME = "$(TARGET_NAME)";
			};
			name = Release;
		};
		C9B3E1971C60D1510006D44B /* Debug */ = {
			isa = XCBuildConfiguration;
			buildSettings = {
				BUNDLE_LOADER = "$(TEST_HOST)";
				INFOPLIST_FILE = CCWeiboTests/Info.plist;
				LD_RUNPATH_SEARCH_PATHS = "$(inherited) @executable_path/Frameworks @loader_path/Frameworks";
				PRODUCT_BUNDLE_IDENTIFIER = cc.cache.CCWeiboTests;
				PRODUCT_NAME = "$(TARGET_NAME)";
				TEST_HOST = "$(BUILT_PRODUCTS_DIR)/CCWeibo.app/CCWeibo";
			};
			name = Debug;
		};
		C9B3E1981C60D1510006D44B /* Release */ = {
			isa = XCBuildConfiguration;
			buildSettings = {
				BUNDLE_LOADER = "$(TEST_HOST)";
				INFOPLIST_FILE = CCWeiboTests/Info.plist;
				LD_RUNPATH_SEARCH_PATHS = "$(inherited) @executable_path/Frameworks @loader_path/Frameworks";
				PRODUCT_BUNDLE_IDENTIFIER = cc.cache.CCWeiboTests;
				PRODUCT_NAME = "$(TARGET_NAME)";
				TEST_HOST = "$(BUILT_PRODUCTS_DIR)/CCWeibo.app/CCWeibo";
			};
			name = Release;
		};
		C9B3E19A1C60D1510006D44B /* Debug */ = {
			isa = XCBuildConfiguration;
			buildSettings = {
				INFOPLIST_FILE = CCWeiboUITests/Info.plist;
				LD_RUNPATH_SEARCH_PATHS = "$(inherited) @executable_path/Frameworks @loader_path/Frameworks";
				PRODUCT_BUNDLE_IDENTIFIER = cc.cache.CCWeiboUITests;
				PRODUCT_NAME = "$(TARGET_NAME)";
				TEST_TARGET_NAME = CCWeibo;
			};
			name = Debug;
		};
		C9B3E19B1C60D1510006D44B /* Release */ = {
			isa = XCBuildConfiguration;
			buildSettings = {
				INFOPLIST_FILE = CCWeiboUITests/Info.plist;
				LD_RUNPATH_SEARCH_PATHS = "$(inherited) @executable_path/Frameworks @loader_path/Frameworks";
				PRODUCT_BUNDLE_IDENTIFIER = cc.cache.CCWeiboUITests;
				PRODUCT_NAME = "$(TARGET_NAME)";
				TEST_TARGET_NAME = CCWeibo;
			};
			name = Release;
		};
/* End XCBuildConfiguration section */

/* Begin XCConfigurationList section */
		C9B3E1661C60D1510006D44B /* Build configuration list for PBXProject "CCWeibo" */ = {
			isa = XCConfigurationList;
			buildConfigurations = (
				C9B3E1911C60D1510006D44B /* Debug */,
				C9B3E1921C60D1510006D44B /* Release */,
			);
			defaultConfigurationIsVisible = 0;
			defaultConfigurationName = Release;
		};
		C9B3E1931C60D1510006D44B /* Build configuration list for PBXNativeTarget "CCWeibo" */ = {
			isa = XCConfigurationList;
			buildConfigurations = (
				C9B3E1941C60D1510006D44B /* Debug */,
				C9B3E1951C60D1510006D44B /* Release */,
			);
			defaultConfigurationIsVisible = 0;
			defaultConfigurationName = Release;
		};
		C9B3E1961C60D1510006D44B /* Build configuration list for PBXNativeTarget "CCWeiboTests" */ = {
			isa = XCConfigurationList;
			buildConfigurations = (
				C9B3E1971C60D1510006D44B /* Debug */,
				C9B3E1981C60D1510006D44B /* Release */,
			);
			defaultConfigurationIsVisible = 0;
			defaultConfigurationName = Release;
		};
		C9B3E1991C60D1510006D44B /* Build configuration list for PBXNativeTarget "CCWeiboUITests" */ = {
			isa = XCConfigurationList;
			buildConfigurations = (
				C9B3E19A1C60D1510006D44B /* Debug */,
				C9B3E19B1C60D1510006D44B /* Release */,
			);
			defaultConfigurationIsVisible = 0;
			defaultConfigurationName = Release;
		};
/* End XCConfigurationList section */
	};
	rootObject = C9B3E1631C60D1510006D44B /* Project object */;
}
