// !$*UTF8*$!
{
	archiveVersion = 1;
	classes = {
	};
	objectVersion = 46;
	objects = {

/* Begin PBXBuildFile section */
		02FD56EE56EEF618BBE80A89 /* Pods_CCWeiboUITests.framework in Frameworks */ = {isa = PBXBuildFile; fileRef = 8881A004D08B1B90EB3C5687 /* Pods_CCWeiboUITests.framework */; };
		0A65B2752705D603C2DCC0DB /* Pods_CCWeiboTests.framework in Frameworks */ = {isa = PBXBuildFile; fileRef = 85246FC05C5395A864E33502 /* Pods_CCWeiboTests.framework */; };
		5AC9BB144C4579B34B03E6B3 /* Pods_CCWeibo.framework in Frameworks */ = {isa = PBXBuildFile; fileRef = 43EC962019D80E13A29B1F80 /* Pods_CCWeibo.framework */; };
		C9099BFE1C61C5EE00E7A630 /* BaseTableViewController.swift in Sources */ = {isa = PBXBuildFile; fileRef = C9099BFD1C61C5EE00E7A630 /* BaseTableViewController.swift */; };
		C9099C011C61C70400E7A630 /* VisitorView.xib in Resources */ = {isa = PBXBuildFile; fileRef = C9099C001C61C70400E7A630 /* VisitorView.xib */; };
		C9099C031C61C72F00E7A630 /* VisitorView.swift in Sources */ = {isa = PBXBuildFile; fileRef = C9099C021C61C72F00E7A630 /* VisitorView.swift */; };
		C9099C051C62DF4C00E7A630 /* TitleButton.swift in Sources */ = {isa = PBXBuildFile; fileRef = C9099C041C62DF4C00E7A630 /* TitleButton.swift */; };
		C9099C0A1C6363B100E7A630 /* PopoverViewController.swift in Sources */ = {isa = PBXBuildFile; fileRef = C9099C091C6363B100E7A630 /* PopoverViewController.swift */; };
		C9099C0C1C63652200E7A630 /* PopoverSegue.swift in Sources */ = {isa = PBXBuildFile; fileRef = C9099C0B1C63652200E7A630 /* PopoverSegue.swift */; };
		C9099C0E1C6365C600E7A630 /* PopoverPresentationController.swift in Sources */ = {isa = PBXBuildFile; fileRef = C9099C0D1C6365C600E7A630 /* PopoverPresentationController.swift */; };
		C92047C11C6C2990005E5AA5 /* NSDate+WeiboDate.swift in Sources */ = {isa = PBXBuildFile; fileRef = C92047C01C6C2990005E5AA5 /* NSDate+WeiboDate.swift */; };
		C948B9FD1C663A9B004FD9F6 /* WBRouter.swift in Sources */ = {isa = PBXBuildFile; fileRef = C948B9FC1C663A9B004FD9F6 /* WBRouter.swift */; };
		C9888F0E1C67802C0043C276 /* UserInfo.swift in Sources */ = {isa = PBXBuildFile; fileRef = C9888F0D1C67802C0043C276 /* UserInfo.swift */; };
		C9888F101C678A440043C276 /* DelayUtil.swift in Sources */ = {isa = PBXBuildFile; fileRef = C9888F0F1C678A440043C276 /* DelayUtil.swift */; };
		C9888F131C6799F50043C276 /* NewFeatureViewController.swift in Sources */ = {isa = PBXBuildFile; fileRef = C9888F121C6799F50043C276 /* NewFeatureViewController.swift */; };
		C98AB0D71C64408B0021387E /* HomeNotifications.swift in Sources */ = {isa = PBXBuildFile; fileRef = C98AB0D61C64408B0021387E /* HomeNotifications.swift */; };
		C98AB0DA1C644F760021387E /* QRCodeViewController.swift in Sources */ = {isa = PBXBuildFile; fileRef = C98AB0D91C644F760021387E /* QRCodeViewController.swift */; };
		C98DA5AD1C6E150000A60886 /* UILabel+Extension.swift in Sources */ = {isa = PBXBuildFile; fileRef = C98DA5AC1C6E150000A60886 /* UILabel+Extension.swift */; };
		C98DA5AF1C6E152800A60886 /* UIButton+Extension.swift in Sources */ = {isa = PBXBuildFile; fileRef = C98DA5AE1C6E152800A60886 /* UIButton+Extension.swift */; };
		C98F4EC51C6990370024A931 /* WelcomeViewController.swift in Sources */ = {isa = PBXBuildFile; fileRef = C98F4EC41C6990370024A931 /* WelcomeViewController.swift */; };
		C98F4F011C69A8FC0024A931 /* ApplicationInfo.swift in Sources */ = {isa = PBXBuildFile; fileRef = C98F4F001C69A8FC0024A931 /* ApplicationInfo.swift */; };
		C998F6BC1C6EE14F00B900F7 /* RetweetTimeLineCell.swift in Sources */ = {isa = PBXBuildFile; fileRef = C998F6BB1C6EE14F00B900F7 /* RetweetTimeLineCell.swift */; };
		C998F6BE1C6F174D00B900F7 /* HomeRefreshControl.swift in Sources */ = {isa = PBXBuildFile; fileRef = C998F6BD1C6F174D00B900F7 /* HomeRefreshControl.swift */; };
		C998F6C01C6F177200B900F7 /* HomeRefreshControl.xib in Resources */ = {isa = PBXBuildFile; fileRef = C998F6BF1C6F177200B900F7 /* HomeRefreshControl.xib */; };
		C9B3E16F1C60D1510006D44B /* AppDelegate.swift in Sources */ = {isa = PBXBuildFile; fileRef = C9B3E16E1C60D1510006D44B /* AppDelegate.swift */; };
		C9B3E1741C60D1510006D44B /* Main.storyboard in Resources */ = {isa = PBXBuildFile; fileRef = C9B3E1721C60D1510006D44B /* Main.storyboard */; };
		C9B3E1761C60D1510006D44B /* Assets.xcassets in Resources */ = {isa = PBXBuildFile; fileRef = C9B3E1751C60D1510006D44B /* Assets.xcassets */; };
		C9B3E1791C60D1510006D44B /* LaunchScreen.storyboard in Resources */ = {isa = PBXBuildFile; fileRef = C9B3E1771C60D1510006D44B /* LaunchScreen.storyboard */; };
		C9B3E1841C60D1510006D44B /* CCWeiboTests.swift in Sources */ = {isa = PBXBuildFile; fileRef = C9B3E1831C60D1510006D44B /* CCWeiboTests.swift */; };
		C9B3E18F1C60D1510006D44B /* CCWeiboUITests.swift in Sources */ = {isa = PBXBuildFile; fileRef = C9B3E18E1C60D1510006D44B /* CCWeiboUITests.swift */; };
		C9B3E1A41C60E1B10006D44B /* MainTabBarController.swift in Sources */ = {isa = PBXBuildFile; fileRef = C9B3E1A31C60E1B10006D44B /* MainTabBarController.swift */; };
		C9B3E1A61C60EF720006D44B /* DiscoverTableViewController.swift in Sources */ = {isa = PBXBuildFile; fileRef = C9B3E1A51C60EF720006D44B /* DiscoverTableViewController.swift */; };
		C9B3E1A81C60EF890006D44B /* HomeTableViewController.swift in Sources */ = {isa = PBXBuildFile; fileRef = C9B3E1A71C60EF890006D44B /* HomeTableViewController.swift */; };
		C9B3E1AA1C60EF9B0006D44B /* MessageTableViewController.swift in Sources */ = {isa = PBXBuildFile; fileRef = C9B3E1A91C60EF9B0006D44B /* MessageTableViewController.swift */; };
		C9B3E1AC1C60EFB60006D44B /* ProfileTableViewController.swift in Sources */ = {isa = PBXBuildFile; fileRef = C9B3E1AB1C60EFB60006D44B /* ProfileTableViewController.swift */; };
		C9B3E1AF1C618C970006D44B /* Home.storyboard in Resources */ = {isa = PBXBuildFile; fileRef = C9B3E1AD1C618C970006D44B /* Home.storyboard */; };
		C9B3E1B41C618CDB0006D44B /* Message.storyboard in Resources */ = {isa = PBXBuildFile; fileRef = C9B3E1B21C618CDB0006D44B /* Message.storyboard */; };
		C9CA60201C66E7FB00A9F999 /* UserAccount.swift in Sources */ = {isa = PBXBuildFile; fileRef = C9CA601F1C66E7FB00A9F999 /* UserAccount.swift */; };
		C9CA60221C670DD000A9F999 /* String+FilePath.swift in Sources */ = {isa = PBXBuildFile; fileRef = C9CA60211C670DD000A9F999 /* String+FilePath.swift */; };
		C9E3B6E91C6A2E4500D1E98A /* Profile.storyboard in Resources */ = {isa = PBXBuildFile; fileRef = C9E3B6E81C6A2E4500D1E98A /* Profile.storyboard */; };
		C9E3B6EB1C6A2E4F00D1E98A /* Discover.storyboard in Resources */ = {isa = PBXBuildFile; fileRef = C9E3B6EA1C6A2E4F00D1E98A /* Discover.storyboard */; };
		C9E3B6EE1C6B2B4400D1E98A /* Status.swift in Sources */ = {isa = PBXBuildFile; fileRef = C9E3B6ED1C6B2B4400D1E98A /* Status.swift */; };
		C9E3B6F01C6B38D000D1E98A /* User.swift in Sources */ = {isa = PBXBuildFile; fileRef = C9E3B6EF1C6B38D000D1E98A /* User.swift */; };
		C9E3B6F31C6B49E600D1E98A /* TimeLineCell.swift in Sources */ = {isa = PBXBuildFile; fileRef = C9E3B6F21C6B49E600D1E98A /* TimeLineCell.swift */; };
		C9F9C75B1C64D311001E43D1 /* QRCodeCardViewController.swift in Sources */ = {isa = PBXBuildFile; fileRef = C9F9C75A1C64D311001E43D1 /* QRCodeCardViewController.swift */; };
		C9F9C75E1C66169B001E43D1 /* OAuthViewController.swift in Sources */ = {isa = PBXBuildFile; fileRef = C9F9C75D1C66169B001E43D1 /* OAuthViewController.swift */; };
		C9F9C7601C6616BF001E43D1 /* WBKeys.swift in Sources */ = {isa = PBXBuildFile; fileRef = C9F9C75F1C6616BF001E43D1 /* WBKeys.swift */; };
		C9F9C7621C661744001E43D1 /* OAuth.storyboard in Resources */ = {isa = PBXBuildFile; fileRef = C9F9C7611C661744001E43D1 /* OAuth.storyboard */; };
/* End PBXBuildFile section */

/* Begin PBXContainerItemProxy section */
		C9B3E1801C60D1510006D44B /* PBXContainerItemProxy */ = {
			isa = PBXContainerItemProxy;
			containerPortal = C9B3E1631C60D1510006D44B /* Project object */;
			proxyType = 1;
			remoteGlobalIDString = C9B3E16A1C60D1510006D44B;
			remoteInfo = CCWeibo;
		};
		C9B3E18B1C60D1510006D44B /* PBXContainerItemProxy */ = {
			isa = PBXContainerItemProxy;
			containerPortal = C9B3E1631C60D1510006D44B /* Project object */;
			proxyType = 1;
			remoteGlobalIDString = C9B3E16A1C60D1510006D44B;
			remoteInfo = CCWeibo;
		};
/* End PBXContainerItemProxy section */

/* Begin PBXFileReference section */
		43EC962019D80E13A29B1F80 /* Pods_CCWeibo.framework */ = {isa = PBXFileReference; explicitFileType = wrapper.framework; includeInIndex = 0; path = Pods_CCWeibo.framework; sourceTree = BUILT_PRODUCTS_DIR; };
		4BEFC17DFDD4FB7962D5DB2A /* Pods-CCWeiboTests.release.xcconfig */ = {isa = PBXFileReference; includeInIndex = 1; lastKnownFileType = text.xcconfig; name = "Pods-CCWeiboTests.release.xcconfig"; path = "Pods/Target Support Files/Pods-CCWeiboTests/Pods-CCWeiboTests.release.xcconfig"; sourceTree = "<group>"; };
		54218E1B930A97C1B84A1620 /* Pods-CCWeiboUITests.debug.xcconfig */ = {isa = PBXFileReference; includeInIndex = 1; lastKnownFileType = text.xcconfig; name = "Pods-CCWeiboUITests.debug.xcconfig"; path = "Pods/Target Support Files/Pods-CCWeiboUITests/Pods-CCWeiboUITests.debug.xcconfig"; sourceTree = "<group>"; };
		798FF8FC5ECE9C7492079A65 /* Pods-CCWeiboTests.debug.xcconfig */ = {isa = PBXFileReference; includeInIndex = 1; lastKnownFileType = text.xcconfig; name = "Pods-CCWeiboTests.debug.xcconfig"; path = "Pods/Target Support Files/Pods-CCWeiboTests/Pods-CCWeiboTests.debug.xcconfig"; sourceTree = "<group>"; };
		85246FC05C5395A864E33502 /* Pods_CCWeiboTests.framework */ = {isa = PBXFileReference; explicitFileType = wrapper.framework; includeInIndex = 0; path = Pods_CCWeiboTests.framework; sourceTree = BUILT_PRODUCTS_DIR; };
		8881A004D08B1B90EB3C5687 /* Pods_CCWeiboUITests.framework */ = {isa = PBXFileReference; explicitFileType = wrapper.framework; includeInIndex = 0; path = Pods_CCWeiboUITests.framework; sourceTree = BUILT_PRODUCTS_DIR; };
		BF0084A52034F78948100685 /* Pods-CCWeibo.release.xcconfig */ = {isa = PBXFileReference; includeInIndex = 1; lastKnownFileType = text.xcconfig; name = "Pods-CCWeibo.release.xcconfig"; path = "Pods/Target Support Files/Pods-CCWeibo/Pods-CCWeibo.release.xcconfig"; sourceTree = "<group>"; };
		C9099BFD1C61C5EE00E7A630 /* BaseTableViewController.swift */ = {isa = PBXFileReference; fileEncoding = 4; lastKnownFileType = sourcecode.swift; path = BaseTableViewController.swift; sourceTree = "<group>"; };
		C9099C001C61C70400E7A630 /* VisitorView.xib */ = {isa = PBXFileReference; fileEncoding = 4; lastKnownFileType = file.xib; path = VisitorView.xib; sourceTree = "<group>"; };
		C9099C021C61C72F00E7A630 /* VisitorView.swift */ = {isa = PBXFileReference; fileEncoding = 4; lastKnownFileType = sourcecode.swift; path = VisitorView.swift; sourceTree = "<group>"; };
		C9099C041C62DF4C00E7A630 /* TitleButton.swift */ = {isa = PBXFileReference; fileEncoding = 4; lastKnownFileType = sourcecode.swift; path = TitleButton.swift; sourceTree = "<group>"; };
		C9099C091C6363B100E7A630 /* PopoverViewController.swift */ = {isa = PBXFileReference; fileEncoding = 4; lastKnownFileType = sourcecode.swift; path = PopoverViewController.swift; sourceTree = "<group>"; };
		C9099C0B1C63652200E7A630 /* PopoverSegue.swift */ = {isa = PBXFileReference; fileEncoding = 4; lastKnownFileType = sourcecode.swift; path = PopoverSegue.swift; sourceTree = "<group>"; };
		C9099C0D1C6365C600E7A630 /* PopoverPresentationController.swift */ = {isa = PBXFileReference; fileEncoding = 4; lastKnownFileType = sourcecode.swift; path = PopoverPresentationController.swift; sourceTree = "<group>"; };
		C92047C01C6C2990005E5AA5 /* NSDate+WeiboDate.swift */ = {isa = PBXFileReference; fileEncoding = 4; lastKnownFileType = sourcecode.swift; path = "NSDate+WeiboDate.swift"; sourceTree = "<group>"; };
		C948B9FC1C663A9B004FD9F6 /* WBRouter.swift */ = {isa = PBXFileReference; fileEncoding = 4; lastKnownFileType = sourcecode.swift; path = WBRouter.swift; sourceTree = "<group>"; };
		C9888F0D1C67802C0043C276 /* UserInfo.swift */ = {isa = PBXFileReference; fileEncoding = 4; lastKnownFileType = sourcecode.swift; path = UserInfo.swift; sourceTree = "<group>"; };
		C9888F0F1C678A440043C276 /* DelayUtil.swift */ = {isa = PBXFileReference; fileEncoding = 4; lastKnownFileType = sourcecode.swift; path = DelayUtil.swift; sourceTree = "<group>"; };
		C9888F121C6799F50043C276 /* NewFeatureViewController.swift */ = {isa = PBXFileReference; fileEncoding = 4; lastKnownFileType = sourcecode.swift; path = NewFeatureViewController.swift; sourceTree = "<group>"; };
		C98AB0D61C64408B0021387E /* HomeNotifications.swift */ = {isa = PBXFileReference; fileEncoding = 4; lastKnownFileType = sourcecode.swift; path = HomeNotifications.swift; sourceTree = "<group>"; };
		C98AB0D91C644F760021387E /* QRCodeViewController.swift */ = {isa = PBXFileReference; fileEncoding = 4; lastKnownFileType = sourcecode.swift; path = QRCodeViewController.swift; sourceTree = "<group>"; };
		C98DA5AC1C6E150000A60886 /* UILabel+Extension.swift */ = {isa = PBXFileReference; fileEncoding = 4; lastKnownFileType = sourcecode.swift; path = "UILabel+Extension.swift"; sourceTree = "<group>"; };
		C98DA5AE1C6E152800A60886 /* UIButton+Extension.swift */ = {isa = PBXFileReference; fileEncoding = 4; lastKnownFileType = sourcecode.swift; path = "UIButton+Extension.swift"; sourceTree = "<group>"; };
		C98F4EC41C6990370024A931 /* WelcomeViewController.swift */ = {isa = PBXFileReference; fileEncoding = 4; lastKnownFileType = sourcecode.swift; path = WelcomeViewController.swift; sourceTree = "<group>"; };
		C98F4F001C69A8FC0024A931 /* ApplicationInfo.swift */ = {isa = PBXFileReference; fileEncoding = 4; lastKnownFileType = sourcecode.swift; path = ApplicationInfo.swift; sourceTree = "<group>"; };
		C998F6BB1C6EE14F00B900F7 /* RetweetTimeLineCell.swift */ = {isa = PBXFileReference; fileEncoding = 4; lastKnownFileType = sourcecode.swift; path = RetweetTimeLineCell.swift; sourceTree = "<group>"; };
		C998F6BD1C6F174D00B900F7 /* HomeRefreshControl.swift */ = {isa = PBXFileReference; fileEncoding = 4; lastKnownFileType = sourcecode.swift; path = HomeRefreshControl.swift; sourceTree = "<group>"; };
		C998F6BF1C6F177200B900F7 /* HomeRefreshControl.xib */ = {isa = PBXFileReference; fileEncoding = 4; lastKnownFileType = file.xib; path = HomeRefreshControl.xib; sourceTree = "<group>"; };
		C9B3E16B1C60D1510006D44B /* CCWeibo.app */ = {isa = PBXFileReference; explicitFileType = wrapper.application; includeInIndex = 0; path = CCWeibo.app; sourceTree = BUILT_PRODUCTS_DIR; };
		C9B3E16E1C60D1510006D44B /* AppDelegate.swift */ = {isa = PBXFileReference; lastKnownFileType = sourcecode.swift; path = AppDelegate.swift; sourceTree = "<group>"; };
		C9B3E1731C60D1510006D44B /* Base */ = {isa = PBXFileReference; lastKnownFileType = file.storyboard; name = Base; path = Base.lproj/Main.storyboard; sourceTree = "<group>"; };
		C9B3E1751C60D1510006D44B /* Assets.xcassets */ = {isa = PBXFileReference; lastKnownFileType = folder.assetcatalog; path = Assets.xcassets; sourceTree = "<group>"; };
		C9B3E1781C60D1510006D44B /* Base */ = {isa = PBXFileReference; lastKnownFileType = file.storyboard; name = Base; path = Base.lproj/LaunchScreen.storyboard; sourceTree = "<group>"; };
		C9B3E17A1C60D1510006D44B /* Info.plist */ = {isa = PBXFileReference; lastKnownFileType = text.plist.xml; path = Info.plist; sourceTree = "<group>"; };
		C9B3E17F1C60D1510006D44B /* CCWeiboTests.xctest */ = {isa = PBXFileReference; explicitFileType = wrapper.cfbundle; includeInIndex = 0; path = CCWeiboTests.xctest; sourceTree = BUILT_PRODUCTS_DIR; };
		C9B3E1831C60D1510006D44B /* CCWeiboTests.swift */ = {isa = PBXFileReference; lastKnownFileType = sourcecode.swift; path = CCWeiboTests.swift; sourceTree = "<group>"; };
		C9B3E1851C60D1510006D44B /* Info.plist */ = {isa = PBXFileReference; lastKnownFileType = text.plist.xml; path = Info.plist; sourceTree = "<group>"; };
		C9B3E18A1C60D1510006D44B /* CCWeiboUITests.xctest */ = {isa = PBXFileReference; explicitFileType = wrapper.cfbundle; includeInIndex = 0; path = CCWeiboUITests.xctest; sourceTree = BUILT_PRODUCTS_DIR; };
		C9B3E18E1C60D1510006D44B /* CCWeiboUITests.swift */ = {isa = PBXFileReference; lastKnownFileType = sourcecode.swift; path = CCWeiboUITests.swift; sourceTree = "<group>"; };
		C9B3E1901C60D1510006D44B /* Info.plist */ = {isa = PBXFileReference; lastKnownFileType = text.plist.xml; path = Info.plist; sourceTree = "<group>"; };
		C9B3E1A31C60E1B10006D44B /* MainTabBarController.swift */ = {isa = PBXFileReference; fileEncoding = 4; lastKnownFileType = sourcecode.swift; name = MainTabBarController.swift; path = Classes/Main/MainTabBarController.swift; sourceTree = "<group>"; };
		C9B3E1A51C60EF720006D44B /* DiscoverTableViewController.swift */ = {isa = PBXFileReference; fileEncoding = 4; lastKnownFileType = sourcecode.swift; path = DiscoverTableViewController.swift; sourceTree = "<group>"; };
		C9B3E1A71C60EF890006D44B /* HomeTableViewController.swift */ = {isa = PBXFileReference; fileEncoding = 4; lastKnownFileType = sourcecode.swift; path = HomeTableViewController.swift; sourceTree = "<group>"; };
		C9B3E1A91C60EF9B0006D44B /* MessageTableViewController.swift */ = {isa = PBXFileReference; fileEncoding = 4; lastKnownFileType = sourcecode.swift; path = MessageTableViewController.swift; sourceTree = "<group>"; };
		C9B3E1AB1C60EFB60006D44B /* ProfileTableViewController.swift */ = {isa = PBXFileReference; fileEncoding = 4; lastKnownFileType = sourcecode.swift; path = ProfileTableViewController.swift; sourceTree = "<group>"; };
		C9B3E1AE1C618C970006D44B /* Base */ = {isa = PBXFileReference; lastKnownFileType = file.storyboard; name = Base; path = Base.lproj/Home.storyboard; sourceTree = "<group>"; };
		C9B3E1B31C618CDB0006D44B /* Base */ = {isa = PBXFileReference; lastKnownFileType = file.storyboard; name = Base; path = Base.lproj/Message.storyboard; sourceTree = "<group>"; };
		C9CA601F1C66E7FB00A9F999 /* UserAccount.swift */ = {isa = PBXFileReference; fileEncoding = 4; lastKnownFileType = sourcecode.swift; path = UserAccount.swift; sourceTree = "<group>"; };
		C9CA60211C670DD000A9F999 /* String+FilePath.swift */ = {isa = PBXFileReference; fileEncoding = 4; lastKnownFileType = sourcecode.swift; path = "String+FilePath.swift"; sourceTree = "<group>"; };
		C9E3B6E81C6A2E4500D1E98A /* Profile.storyboard */ = {isa = PBXFileReference; fileEncoding = 4; lastKnownFileType = file.storyboard; path = Profile.storyboard; sourceTree = "<group>"; };
		C9E3B6EA1C6A2E4F00D1E98A /* Discover.storyboard */ = {isa = PBXFileReference; fileEncoding = 4; lastKnownFileType = file.storyboard; path = Discover.storyboard; sourceTree = "<group>"; };
		C9E3B6ED1C6B2B4400D1E98A /* Status.swift */ = {isa = PBXFileReference; fileEncoding = 4; lastKnownFileType = sourcecode.swift; path = Status.swift; sourceTree = "<group>"; };
		C9E3B6EF1C6B38D000D1E98A /* User.swift */ = {isa = PBXFileReference; fileEncoding = 4; lastKnownFileType = sourcecode.swift; path = User.swift; sourceTree = "<group>"; };
		C9E3B6F21C6B49E600D1E98A /* TimeLineCell.swift */ = {isa = PBXFileReference; fileEncoding = 4; lastKnownFileType = sourcecode.swift; path = TimeLineCell.swift; sourceTree = "<group>"; };
		C9F9C75A1C64D311001E43D1 /* QRCodeCardViewController.swift */ = {isa = PBXFileReference; fileEncoding = 4; lastKnownFileType = sourcecode.swift; path = QRCodeCardViewController.swift; sourceTree = "<group>"; };
		C9F9C75D1C66169B001E43D1 /* OAuthViewController.swift */ = {isa = PBXFileReference; fileEncoding = 4; lastKnownFileType = sourcecode.swift; path = OAuthViewController.swift; sourceTree = "<group>"; };
		C9F9C75F1C6616BF001E43D1 /* WBKeys.swift */ = {isa = PBXFileReference; fileEncoding = 4; lastKnownFileType = sourcecode.swift; path = WBKeys.swift; sourceTree = "<group>"; };
		C9F9C7611C661744001E43D1 /* OAuth.storyboard */ = {isa = PBXFileReference; fileEncoding = 4; lastKnownFileType = file.storyboard; path = OAuth.storyboard; sourceTree = "<group>"; };
		E4447FF349A1136C74E8CAF5 /* Pods-CCWeibo.debug.xcconfig */ = {isa = PBXFileReference; includeInIndex = 1; lastKnownFileType = text.xcconfig; name = "Pods-CCWeibo.debug.xcconfig"; path = "Pods/Target Support Files/Pods-CCWeibo/Pods-CCWeibo.debug.xcconfig"; sourceTree = "<group>"; };
		E51D8DB4D7850C68FA2C3DB7 /* Pods-CCWeiboUITests.release.xcconfig */ = {isa = PBXFileReference; includeInIndex = 1; lastKnownFileType = text.xcconfig; name = "Pods-CCWeiboUITests.release.xcconfig"; path = "Pods/Target Support Files/Pods-CCWeiboUITests/Pods-CCWeiboUITests.release.xcconfig"; sourceTree = "<group>"; };
/* End PBXFileReference section */

/* Begin PBXFrameworksBuildPhase section */
		C9B3E1681C60D1510006D44B /* Frameworks */ = {
			isa = PBXFrameworksBuildPhase;
			buildActionMask = 2147483647;
			files = (
				5AC9BB144C4579B34B03E6B3 /* Pods_CCWeibo.framework in Frameworks */,
			);
			runOnlyForDeploymentPostprocessing = 0;
		};
		C9B3E17C1C60D1510006D44B /* Frameworks */ = {
			isa = PBXFrameworksBuildPhase;
			buildActionMask = 2147483647;
			files = (
				0A65B2752705D603C2DCC0DB /* Pods_CCWeiboTests.framework in Frameworks */,
			);
			runOnlyForDeploymentPostprocessing = 0;
		};
		C9B3E1871C60D1510006D44B /* Frameworks */ = {
			isa = PBXFrameworksBuildPhase;
			buildActionMask = 2147483647;
			files = (
				02FD56EE56EEF618BBE80A89 /* Pods_CCWeiboUITests.framework in Frameworks */,
			);
			runOnlyForDeploymentPostprocessing = 0;
		};
/* End PBXFrameworksBuildPhase section */

/* Begin PBXGroup section */
		A86A737DC40AD9D3B85418CF /* Frameworks */ = {
			isa = PBXGroup;
			children = (
				43EC962019D80E13A29B1F80 /* Pods_CCWeibo.framework */,
				85246FC05C5395A864E33502 /* Pods_CCWeiboTests.framework */,
				8881A004D08B1B90EB3C5687 /* Pods_CCWeiboUITests.framework */,
			);
			name = Frameworks;
			sourceTree = "<group>";
		};
		C9099BFF1C61C6F100E7A630 /* Common */ = {
			isa = PBXGroup;
			children = (
				C9E3B6EC1C6B2AFD00D1E98A /* Models */,
				C98AB0D51C6440740021387E /* Notifications */,
				C9099C001C61C70400E7A630 /* VisitorView.xib */,
				C9099C021C61C72F00E7A630 /* VisitorView.swift */,
				C9099C041C62DF4C00E7A630 /* TitleButton.swift */,
			);
			path = Common;
			sourceTree = "<group>";
		};
		C9099C081C63638C00E7A630 /* Popover */ = {
			isa = PBXGroup;
			children = (
				C9099C091C6363B100E7A630 /* PopoverViewController.swift */,
				C9099C0B1C63652200E7A630 /* PopoverSegue.swift */,
				C9099C0D1C6365C600E7A630 /* PopoverPresentationController.swift */,
			);
			path = Popover;
			sourceTree = "<group>";
		};
		C9888F111C67996A0043C276 /* Welcome */ = {
			isa = PBXGroup;
			children = (
				C9888F121C6799F50043C276 /* NewFeatureViewController.swift */,
				C98F4EC41C6990370024A931 /* WelcomeViewController.swift */,
			);
			path = Welcome;
			sourceTree = "<group>";
		};
		C98AB0D51C6440740021387E /* Notifications */ = {
			isa = PBXGroup;
			children = (
				C98AB0D61C64408B0021387E /* HomeNotifications.swift */,
			);
			path = Notifications;
			sourceTree = "<group>";
		};
		C98AB0D81C644F220021387E /* QRCode */ = {
			isa = PBXGroup;
			children = (
				C98AB0D91C644F760021387E /* QRCodeViewController.swift */,
				C9F9C75A1C64D311001E43D1 /* QRCodeCardViewController.swift */,
			);
			path = QRCode;
			sourceTree = "<group>";
		};
		C9B3E1621C60D1510006D44B = {
			isa = PBXGroup;
			children = (
				C9B3E16D1C60D1510006D44B /* CCWeibo */,
				C9B3E1821C60D1510006D44B /* CCWeiboTests */,
				C9B3E18D1C60D1510006D44B /* CCWeiboUITests */,
				C9B3E16C1C60D1510006D44B /* Products */,
				EB411DF9D58F26630C56D419 /* Pods */,
				A86A737DC40AD9D3B85418CF /* Frameworks */,
			);
			sourceTree = "<group>";
		};
		C9B3E16C1C60D1510006D44B /* Products */ = {
			isa = PBXGroup;
			children = (
				C9B3E16B1C60D1510006D44B /* CCWeibo.app */,
				C9B3E17F1C60D1510006D44B /* CCWeiboTests.xctest */,
				C9B3E18A1C60D1510006D44B /* CCWeiboUITests.xctest */,
			);
			name = Products;
			sourceTree = "<group>";
		};
		C9B3E16D1C60D1510006D44B /* CCWeibo */ = {
			isa = PBXGroup;
			children = (
				C9B3E19C1C60DBB70006D44B /* Classes */,
				C9B3E16E1C60D1510006D44B /* AppDelegate.swift */,
				C9B3E1A31C60E1B10006D44B /* MainTabBarController.swift */,
				C9B3E1721C60D1510006D44B /* Main.storyboard */,
				C9B3E1751C60D1510006D44B /* Assets.xcassets */,
				C9B3E1771C60D1510006D44B /* LaunchScreen.storyboard */,
				C9B3E17A1C60D1510006D44B /* Info.plist */,
			);
			path = CCWeibo;
			sourceTree = "<group>";
		};
		C9B3E1821C60D1510006D44B /* CCWeiboTests */ = {
			isa = PBXGroup;
			children = (
				C9B3E1831C60D1510006D44B /* CCWeiboTests.swift */,
				C9B3E1851C60D1510006D44B /* Info.plist */,
			);
			path = CCWeiboTests;
			sourceTree = "<group>";
		};
		C9B3E18D1C60D1510006D44B /* CCWeiboUITests */ = {
			isa = PBXGroup;
			children = (
				C9B3E18E1C60D1510006D44B /* CCWeiboUITests.swift */,
				C9B3E1901C60D1510006D44B /* Info.plist */,
			);
			path = CCWeiboUITests;
			sourceTree = "<group>";
		};
		C9B3E19C1C60DBB70006D44B /* Classes */ = {
			isa = PBXGroup;
			children = (
				C9888F111C67996A0043C276 /* Welcome */,
				C9F9C75C1C661674001E43D1 /* OAuth */,
				C9099BFF1C61C6F100E7A630 /* Common */,
				C9B3E19D1C60DBB70006D44B /* Discover */,
				C9B3E19E1C60DBB70006D44B /* Home */,
				C9B3E19F1C60DBB70006D44B /* Main */,
				C9B3E1A01C60DBB70006D44B /* Message */,
				C9B3E1A11C60DBB70006D44B /* Profile */,
				C9B3E1A21C60DBB70006D44B /* Utils */,
			);
			path = Classes;
			sourceTree = "<group>";
		};
		C9B3E19D1C60DBB70006D44B /* Discover */ = {
			isa = PBXGroup;
			children = (
				C9E3B6EA1C6A2E4F00D1E98A /* Discover.storyboard */,
				C9B3E1A51C60EF720006D44B /* DiscoverTableViewController.swift */,
			);
			path = Discover;
			sourceTree = "<group>";
		};
		C9B3E19E1C60DBB70006D44B /* Home */ = {
			isa = PBXGroup;
			children = (
				C9E3B6F11C6B49BB00D1E98A /* Cells */,
				C98AB0D81C644F220021387E /* QRCode */,
				C9099C081C63638C00E7A630 /* Popover */,
				C9B3E1AD1C618C970006D44B /* Home.storyboard */,
				C9B3E1A71C60EF890006D44B /* HomeTableViewController.swift */,
				C998F6BD1C6F174D00B900F7 /* HomeRefreshControl.swift */,
				C998F6BF1C6F177200B900F7 /* HomeRefreshControl.xib */,
			);
			path = Home;
			sourceTree = "<group>";
		};
		C9B3E19F1C60DBB70006D44B /* Main */ = {
			isa = PBXGroup;
			children = (
				C9099BFD1C61C5EE00E7A630 /* BaseTableViewController.swift */,
				C98F4F001C69A8FC0024A931 /* ApplicationInfo.swift */,
			);
			path = Main;
			sourceTree = "<group>";
		};
		C9B3E1A01C60DBB70006D44B /* Message */ = {
			isa = PBXGroup;
			children = (
				C9B3E1B21C618CDB0006D44B /* Message.storyboard */,
				C9B3E1A91C60EF9B0006D44B /* MessageTableViewController.swift */,
			);
			path = Message;
			sourceTree = "<group>";
		};
		C9B3E1A11C60DBB70006D44B /* Profile */ = {
			isa = PBXGroup;
			children = (
				C9E3B6E81C6A2E4500D1E98A /* Profile.storyboard */,
				C9B3E1AB1C60EFB60006D44B /* ProfileTableViewController.swift */,
			);
			path = Profile;
			sourceTree = "<group>";
		};
		C9B3E1A21C60DBB70006D44B /* Utils */ = {
			isa = PBXGroup;
			children = (
				C948B9FC1C663A9B004FD9F6 /* WBRouter.swift */,
				C9CA60211C670DD000A9F999 /* String+FilePath.swift */,
				C9888F0F1C678A440043C276 /* DelayUtil.swift */,
				C92047C01C6C2990005E5AA5 /* NSDate+WeiboDate.swift */,
				C98DA5AC1C6E150000A60886 /* UILabel+Extension.swift */,
				C98DA5AE1C6E152800A60886 /* UIButton+Extension.swift */,
			);
			path = Utils;
			sourceTree = "<group>";
		};
		C9E3B6EC1C6B2AFD00D1E98A /* Models */ = {
			isa = PBXGroup;
			children = (
				C9E3B6ED1C6B2B4400D1E98A /* Status.swift */,
				C9E3B6EF1C6B38D000D1E98A /* User.swift */,
			);
			path = Models;
			sourceTree = "<group>";
		};
		C9E3B6F11C6B49BB00D1E98A /* Cells */ = {
			isa = PBXGroup;
			children = (
				C9E3B6F21C6B49E600D1E98A /* TimeLineCell.swift */,
				C998F6BB1C6EE14F00B900F7 /* RetweetTimeLineCell.swift */,
			);
			path = Cells;
			sourceTree = "<group>";
		};
		C9F9C75C1C661674001E43D1 /* OAuth */ = {
			isa = PBXGroup;
			children = (
				C9F9C75F1C6616BF001E43D1 /* WBKeys.swift */,
				C9F9C75D1C66169B001E43D1 /* OAuthViewController.swift */,
				C9F9C7611C661744001E43D1 /* OAuth.storyboard */,
				C9CA601F1C66E7FB00A9F999 /* UserAccount.swift */,
				C9888F0D1C67802C0043C276 /* UserInfo.swift */,
			);
			path = OAuth;
			sourceTree = "<group>";
		};
		EB411DF9D58F26630C56D419 /* Pods */ = {
			isa = PBXGroup;
			children = (
				E4447FF349A1136C74E8CAF5 /* Pods-CCWeibo.debug.xcconfig */,
				BF0084A52034F78948100685 /* Pods-CCWeibo.release.xcconfig */,
				798FF8FC5ECE9C7492079A65 /* Pods-CCWeiboTests.debug.xcconfig */,
				4BEFC17DFDD4FB7962D5DB2A /* Pods-CCWeiboTests.release.xcconfig */,
				54218E1B930A97C1B84A1620 /* Pods-CCWeiboUITests.debug.xcconfig */,
				E51D8DB4D7850C68FA2C3DB7 /* Pods-CCWeiboUITests.release.xcconfig */,
			);
			name = Pods;
			sourceTree = "<group>";
		};
/* End PBXGroup section */

/* Begin PBXNativeTarget section */
		C9B3E16A1C60D1510006D44B /* CCWeibo */ = {
			isa = PBXNativeTarget;
			buildConfigurationList = C9B3E1931C60D1510006D44B /* Build configuration list for PBXNativeTarget "CCWeibo" */;
			buildPhases = (
				70360BCC7DE16C5A5FA607F5 /* Check Pods Manifest.lock */,
				C9B3E1671C60D1510006D44B /* Sources */,
				C9B3E1681C60D1510006D44B /* Frameworks */,
				C9B3E1691C60D1510006D44B /* Resources */,
				462D384E16CB04FE3C2BFB49 /* Embed Pods Frameworks */,
				B036856A2BEB64AEBDA8008D /* Copy Pods Resources */,
			);
			buildRules = (
			);
			dependencies = (
			);
			name = CCWeibo;
			productName = CCWeibo;
			productReference = C9B3E16B1C60D1510006D44B /* CCWeibo.app */;
			productType = "com.apple.product-type.application";
		};
		C9B3E17E1C60D1510006D44B /* CCWeiboTests */ = {
			isa = PBXNativeTarget;
			buildConfigurationList = C9B3E1961C60D1510006D44B /* Build configuration list for PBXNativeTarget "CCWeiboTests" */;
			buildPhases = (
				BC403BBB342D512DDCA861F4 /* Check Pods Manifest.lock */,
				C9B3E17B1C60D1510006D44B /* Sources */,
				C9B3E17C1C60D1510006D44B /* Frameworks */,
				C9B3E17D1C60D1510006D44B /* Resources */,
				0AD1DA4C76D401DBF668593F /* Embed Pods Frameworks */,
				BDF5B15045126FA0A615F632 /* Copy Pods Resources */,
			);
			buildRules = (
			);
			dependencies = (
				C9B3E1811C60D1510006D44B /* PBXTargetDependency */,
			);
			name = CCWeiboTests;
			productName = CCWeiboTests;
			productReference = C9B3E17F1C60D1510006D44B /* CCWeiboTests.xctest */;
			productType = "com.apple.product-type.bundle.unit-test";
		};
		C9B3E1891C60D1510006D44B /* CCWeiboUITests */ = {
			isa = PBXNativeTarget;
			buildConfigurationList = C9B3E1991C60D1510006D44B /* Build configuration list for PBXNativeTarget "CCWeiboUITests" */;
			buildPhases = (
				A087E152F9E67699BE9890A3 /* Check Pods Manifest.lock */,
				C9B3E1861C60D1510006D44B /* Sources */,
				C9B3E1871C60D1510006D44B /* Frameworks */,
				C9B3E1881C60D1510006D44B /* Resources */,
				5A90CDC97C45CF8C0E0D98D2 /* Copy Pods Resources */,
			);
			buildRules = (
			);
			dependencies = (
				C9B3E18C1C60D1510006D44B /* PBXTargetDependency */,
			);
			name = CCWeiboUITests;
			productName = CCWeiboUITests;
			productReference = C9B3E18A1C60D1510006D44B /* CCWeiboUITests.xctest */;
			productType = "com.apple.product-type.bundle.ui-testing";
		};
/* End PBXNativeTarget section */

/* Begin PBXProject section */
		C9B3E1631C60D1510006D44B /* Project object */ = {
			isa = PBXProject;
			attributes = {
				LastSwiftUpdateCheck = 0730;
				LastUpgradeCheck = 0730;
				ORGANIZATIONNAME = "徐才超";
				TargetAttributes = {
					C9B3E16A1C60D1510006D44B = {
						CreatedOnToolsVersion = 7.3;
						DevelopmentTeam = AEDBFK4XS5;
					};
					C9B3E17E1C60D1510006D44B = {
						CreatedOnToolsVersion = 7.3;
						TestTargetID = C9B3E16A1C60D1510006D44B;
					};
					C9B3E1891C60D1510006D44B = {
						CreatedOnToolsVersion = 7.3;
						TestTargetID = C9B3E16A1C60D1510006D44B;
					};
				};
			};
			buildConfigurationList = C9B3E1661C60D1510006D44B /* Build configuration list for PBXProject "CCWeibo" */;
			compatibilityVersion = "Xcode 3.2";
			developmentRegion = English;
			hasScannedForEncodings = 0;
			knownRegions = (
				en,
				Base,
			);
			mainGroup = C9B3E1621C60D1510006D44B;
			productRefGroup = C9B3E16C1C60D1510006D44B /* Products */;
			projectDirPath = "";
			projectRoot = "";
			targets = (
				C9B3E16A1C60D1510006D44B /* CCWeibo */,
				C9B3E17E1C60D1510006D44B /* CCWeiboTests */,
				C9B3E1891C60D1510006D44B /* CCWeiboUITests */,
			);
		};
/* End PBXProject section */

/* Begin PBXResourcesBuildPhase section */
		C9B3E1691C60D1510006D44B /* Resources */ = {
			isa = PBXResourcesBuildPhase;
			buildActionMask = 2147483647;
			files = (
				C998F6C01C6F177200B900F7 /* HomeRefreshControl.xib in Resources */,
				C9B3E1791C60D1510006D44B /* LaunchScreen.storyboard in Resources */,
				C9B3E1761C60D1510006D44B /* Assets.xcassets in Resources */,
				C9E3B6E91C6A2E4500D1E98A /* Profile.storyboard in Resources */,
				C9099C011C61C70400E7A630 /* VisitorView.xib in Resources */,
				C9F9C7621C661744001E43D1 /* OAuth.storyboard in Resources */,
				C9B3E1741C60D1510006D44B /* Main.storyboard in Resources */,
				C9B3E1B41C618CDB0006D44B /* Message.storyboard in Resources */,
				C9B3E1AF1C618C970006D44B /* Home.storyboard in Resources */,
				C9E3B6EB1C6A2E4F00D1E98A /* Discover.storyboard in Resources */,
			);
			runOnlyForDeploymentPostprocessing = 0;
		};
		C9B3E17D1C60D1510006D44B /* Resources */ = {
			isa = PBXResourcesBuildPhase;
			buildActionMask = 2147483647;
			files = (
			);
			runOnlyForDeploymentPostprocessing = 0;
		};
		C9B3E1881C60D1510006D44B /* Resources */ = {
			isa = PBXResourcesBuildPhase;
			buildActionMask = 2147483647;
			files = (
			);
			runOnlyForDeploymentPostprocessing = 0;
		};
/* End PBXResourcesBuildPhase section */

/* Begin PBXShellScriptBuildPhase section */
		0AD1DA4C76D401DBF668593F /* Embed Pods Frameworks */ = {
			isa = PBXShellScriptBuildPhase;
			buildActionMask = 2147483647;
			files = (
			);
			inputPaths = (
			);
			name = "Embed Pods Frameworks";
			outputPaths = (
			);
			runOnlyForDeploymentPostprocessing = 0;
			shellPath = /bin/sh;
			shellScript = "\"${SRCROOT}/Pods/Target Support Files/Pods-CCWeiboTests/Pods-CCWeiboTests-frameworks.sh\"\n";
			showEnvVarsInLog = 0;
		};
		462D384E16CB04FE3C2BFB49 /* Embed Pods Frameworks */ = {
			isa = PBXShellScriptBuildPhase;
			buildActionMask = 2147483647;
			files = (
			);
			inputPaths = (
			);
			name = "Embed Pods Frameworks";
			outputPaths = (
			);
			runOnlyForDeploymentPostprocessing = 0;
			shellPath = /bin/sh;
			shellScript = "\"${SRCROOT}/Pods/Target Support Files/Pods-CCWeibo/Pods-CCWeibo-frameworks.sh\"\n";
			showEnvVarsInLog = 0;
		};
		5A90CDC97C45CF8C0E0D98D2 /* Copy Pods Resources */ = {
			isa = PBXShellScriptBuildPhase;
			buildActionMask = 2147483647;
			files = (
			);
			inputPaths = (
			);
			name = "Copy Pods Resources";
			outputPaths = (
			);
			runOnlyForDeploymentPostprocessing = 0;
			shellPath = /bin/sh;
			shellScript = "\"${SRCROOT}/Pods/Target Support Files/Pods-CCWeiboUITests/Pods-CCWeiboUITests-resources.sh\"\n";
			showEnvVarsInLog = 0;
		};
		70360BCC7DE16C5A5FA607F5 /* Check Pods Manifest.lock */ = {
			isa = PBXShellScriptBuildPhase;
			buildActionMask = 2147483647;
			files = (
			);
			inputPaths = (
			);
			name = "Check Pods Manifest.lock";
			outputPaths = (
			);
			runOnlyForDeploymentPostprocessing = 0;
			shellPath = /bin/sh;
			shellScript = "diff \"${PODS_ROOT}/../Podfile.lock\" \"${PODS_ROOT}/Manifest.lock\" > /dev/null\nif [[ $? != 0 ]] ; then\n    cat << EOM\nerror: The sandbox is not in sync with the Podfile.lock. Run 'pod install' or update your CocoaPods installation.\nEOM\n    exit 1\nfi\n";
			showEnvVarsInLog = 0;
		};
		A087E152F9E67699BE9890A3 /* Check Pods Manifest.lock */ = {
			isa = PBXShellScriptBuildPhase;
			buildActionMask = 2147483647;
			files = (
			);
			inputPaths = (
			);
			name = "Check Pods Manifest.lock";
			outputPaths = (
			);
			runOnlyForDeploymentPostprocessing = 0;
			shellPath = /bin/sh;
			shellScript = "diff \"${PODS_ROOT}/../Podfile.lock\" \"${PODS_ROOT}/Manifest.lock\" > /dev/null\nif [[ $? != 0 ]] ; then\n    cat << EOM\nerror: The sandbox is not in sync with the Podfile.lock. Run 'pod install' or update your CocoaPods installation.\nEOM\n    exit 1\nfi\n";
			showEnvVarsInLog = 0;
		};
		B036856A2BEB64AEBDA8008D /* Copy Pods Resources */ = {
			isa = PBXShellScriptBuildPhase;
			buildActionMask = 2147483647;
			files = (
			);
			inputPaths = (
			);
			name = "Copy Pods Resources";
			outputPaths = (
			);
			runOnlyForDeploymentPostprocessing = 0;
			shellPath = /bin/sh;
			shellScript = "\"${SRCROOT}/Pods/Target Support Files/Pods-CCWeibo/Pods-CCWeibo-resources.sh\"\n";
			showEnvVarsInLog = 0;
		};
		BC403BBB342D512DDCA861F4 /* Check Pods Manifest.lock */ = {
			isa = PBXShellScriptBuildPhase;
			buildActionMask = 2147483647;
			files = (
			);
			inputPaths = (
			);
			name = "Check Pods Manifest.lock";
			outputPaths = (
			);
			runOnlyForDeploymentPostprocessing = 0;
			shellPath = /bin/sh;
			shellScript = "diff \"${PODS_ROOT}/../Podfile.lock\" \"${PODS_ROOT}/Manifest.lock\" > /dev/null\nif [[ $? != 0 ]] ; then\n    cat << EOM\nerror: The sandbox is not in sync with the Podfile.lock. Run 'pod install' or update your CocoaPods installation.\nEOM\n    exit 1\nfi\n";
			showEnvVarsInLog = 0;
		};
		BDF5B15045126FA0A615F632 /* Copy Pods Resources */ = {
			isa = PBXShellScriptBuildPhase;
			buildActionMask = 2147483647;
			files = (
			);
			inputPaths = (
			);
			name = "Copy Pods Resources";
			outputPaths = (
			);
			runOnlyForDeploymentPostprocessing = 0;
			shellPath = /bin/sh;
			shellScript = "\"${SRCROOT}/Pods/Target Support Files/Pods-CCWeiboTests/Pods-CCWeiboTests-resources.sh\"\n";
			showEnvVarsInLog = 0;
		};
/* End PBXShellScriptBuildPhase section */

/* Begin PBXSourcesBuildPhase section */
		C9B3E1671C60D1510006D44B /* Sources */ = {
			isa = PBXSourcesBuildPhase;
			buildActionMask = 2147483647;
			files = (
				C9099C0C1C63652200E7A630 /* PopoverSegue.swift in Sources */,
				C9B3E1AC1C60EFB60006D44B /* ProfileTableViewController.swift in Sources */,
				C9F9C7601C6616BF001E43D1 /* WBKeys.swift in Sources */,
				C9B3E1A81C60EF890006D44B /* HomeTableViewController.swift in Sources */,
				C9888F131C6799F50043C276 /* NewFeatureViewController.swift in Sources */,
				C9E3B6F01C6B38D000D1E98A /* User.swift in Sources */,
				C9099C0A1C6363B100E7A630 /* PopoverViewController.swift in Sources */,
				C9888F101C678A440043C276 /* DelayUtil.swift in Sources */,
				C98F4F011C69A8FC0024A931 /* ApplicationInfo.swift in Sources */,
				C9CA60201C66E7FB00A9F999 /* UserAccount.swift in Sources */,
				C9E3B6EE1C6B2B4400D1E98A /* Status.swift in Sources */,
				C998F6BC1C6EE14F00B900F7 /* RetweetTimeLineCell.swift in Sources */,
				C9F9C75E1C66169B001E43D1 /* OAuthViewController.swift in Sources */,
				C98F4EC51C6990370024A931 /* WelcomeViewController.swift in Sources */,
				C9B3E1A41C60E1B10006D44B /* MainTabBarController.swift in Sources */,
				C9099C0E1C6365C600E7A630 /* PopoverPresentationController.swift in Sources */,
				C998F6BE1C6F174D00B900F7 /* HomeRefreshControl.swift in Sources */,
				C9F9C75B1C64D311001E43D1 /* QRCodeCardViewController.swift in Sources */,
				C948B9FD1C663A9B004FD9F6 /* WBRouter.swift in Sources */,
				C9099BFE1C61C5EE00E7A630 /* BaseTableViewController.swift in Sources */,
				C9099C051C62DF4C00E7A630 /* TitleButton.swift in Sources */,
				C98AB0D71C64408B0021387E /* HomeNotifications.swift in Sources */,
				C98DA5AF1C6E152800A60886 /* UIButton+Extension.swift in Sources */,
				C9E3B6F31C6B49E600D1E98A /* TimeLineCell.swift in Sources */,
				C9B3E1AA1C60EF9B0006D44B /* MessageTableViewController.swift in Sources */,
				C9B3E1A61C60EF720006D44B /* DiscoverTableViewController.swift in Sources */,
				C9B3E16F1C60D1510006D44B /* AppDelegate.swift in Sources */,
				C98AB0DA1C644F760021387E /* QRCodeViewController.swift in Sources */,
				C92047C11C6C2990005E5AA5 /* NSDate+WeiboDate.swift in Sources */,
				C9099C031C61C72F00E7A630 /* VisitorView.swift in Sources */,
				C98DA5AD1C6E150000A60886 /* UILabel+Extension.swift in Sources */,
				C9888F0E1C67802C0043C276 /* UserInfo.swift in Sources */,
				C9CA60221C670DD000A9F999 /* String+FilePath.swift in Sources */,
			);
			runOnlyForDeploymentPostprocessing = 0;
		};
		C9B3E17B1C60D1510006D44B /* Sources */ = {
			isa = PBXSourcesBuildPhase;
			buildActionMask = 2147483647;
			files = (
				C9B3E1841C60D1510006D44B /* CCWeiboTests.swift in Sources */,
			);
			runOnlyForDeploymentPostprocessing = 0;
		};
		C9B3E1861C60D1510006D44B /* Sources */ = {
			isa = PBXSourcesBuildPhase;
			buildActionMask = 2147483647;
			files = (
				C9B3E18F1C60D1510006D44B /* CCWeiboUITests.swift in Sources */,
			);
			runOnlyForDeploymentPostprocessing = 0;
		};
/* End PBXSourcesBuildPhase section */

/* Begin PBXTargetDependency section */
		C9B3E1811C60D1510006D44B /* PBXTargetDependency */ = {
			isa = PBXTargetDependency;
			target = C9B3E16A1C60D1510006D44B /* CCWeibo */;
			targetProxy = C9B3E1801C60D1510006D44B /* PBXContainerItemProxy */;
		};
		C9B3E18C1C60D1510006D44B /* PBXTargetDependency */ = {
			isa = PBXTargetDependency;
			target = C9B3E16A1C60D1510006D44B /* CCWeibo */;
			targetProxy = C9B3E18B1C60D1510006D44B /* PBXContainerItemProxy */;
		};
/* End PBXTargetDependency section */

/* Begin PBXVariantGroup section */
		C9B3E1721C60D1510006D44B /* Main.storyboard */ = {
			isa = PBXVariantGroup;
			children = (
				C9B3E1731C60D1510006D44B /* Base */,
			);
			name = Main.storyboard;
			sourceTree = "<group>";
		};
		C9B3E1771C60D1510006D44B /* LaunchScreen.storyboard */ = {
			isa = PBXVariantGroup;
			children = (
				C9B3E1781C60D1510006D44B /* Base */,
			);
			name = LaunchScreen.storyboard;
			sourceTree = "<group>";
		};
		C9B3E1AD1C618C970006D44B /* Home.storyboard */ = {
			isa = PBXVariantGroup;
			children = (
				C9B3E1AE1C618C970006D44B /* Base */,
			);
			name = Home.storyboard;
			path = ../..;
			sourceTree = "<group>";
		};
		C9B3E1B21C618CDB0006D44B /* Message.storyboard */ = {
			isa = PBXVariantGroup;
			children = (
				C9B3E1B31C618CDB0006D44B /* Base */,
			);
			name = Message.storyboard;
			path = ../..;
			sourceTree = "<group>";
		};
/* End PBXVariantGroup section */

/* Begin XCBuildConfiguration section */
		C9B3E1911C60D1510006D44B /* Debug */ = {
			isa = XCBuildConfiguration;
			buildSettings = {
				ALWAYS_SEARCH_USER_PATHS = NO;
				CLANG_CXX_LANGUAGE_STANDARD = "gnu++0x";
				CLANG_CXX_LIBRARY = "libc++";
				CLANG_ENABLE_MODULES = YES;
				CLANG_ENABLE_OBJC_ARC = YES;
				CLANG_WARN_BOOL_CONVERSION = YES;
				CLANG_WARN_CONSTANT_CONVERSION = YES;
				CLANG_WARN_DIRECT_OBJC_ISA_USAGE = YES_ERROR;
				CLANG_WARN_EMPTY_BODY = YES;
				CLANG_WARN_ENUM_CONVERSION = YES;
				CLANG_WARN_INT_CONVERSION = YES;
				CLANG_WARN_OBJC_ROOT_CLASS = YES_ERROR;
				CLANG_WARN_UNREACHABLE_CODE = YES;
				CLANG_WARN__DUPLICATE_METHOD_MATCH = YES;
				"CODE_SIGN_IDENTITY[sdk=iphoneos*]" = "iPhone Developer";
				COPY_PHASE_STRIP = NO;
				DEBUG_INFORMATION_FORMAT = dwarf;
				ENABLE_STRICT_OBJC_MSGSEND = YES;
				ENABLE_TESTABILITY = YES;
				GCC_C_LANGUAGE_STANDARD = gnu99;
				GCC_DYNAMIC_NO_PIC = NO;
				GCC_NO_COMMON_BLOCKS = YES;
				GCC_OPTIMIZATION_LEVEL = 0;
				GCC_PREPROCESSOR_DEFINITIONS = (
					"DEBUG=1",
					"$(inherited)",
				);
				GCC_WARN_64_TO_32_BIT_CONVERSION = YES;
				GCC_WARN_ABOUT_RETURN_TYPE = YES_ERROR;
				GCC_WARN_UNDECLARED_SELECTOR = YES;
				GCC_WARN_UNINITIALIZED_AUTOS = YES_AGGRESSIVE;
				GCC_WARN_UNUSED_FUNCTION = YES;
				GCC_WARN_UNUSED_VARIABLE = YES;
				IPHONEOS_DEPLOYMENT_TARGET = 9.3;
				MTL_ENABLE_DEBUG_INFO = YES;
				ONLY_ACTIVE_ARCH = YES;
				SDKROOT = iphoneos;
				SWIFT_OPTIMIZATION_LEVEL = "-Onone";
			};
			name = Debug;
		};
		C9B3E1921C60D1510006D44B /* Release */ = {
			isa = XCBuildConfiguration;
			buildSettings = {
				ALWAYS_SEARCH_USER_PATHS = NO;
				CLANG_CXX_LANGUAGE_STANDARD = "gnu++0x";
				CLANG_CXX_LIBRARY = "libc++";
				CLANG_ENABLE_MODULES = YES;
				CLANG_ENABLE_OBJC_ARC = YES;
				CLANG_WARN_BOOL_CONVERSION = YES;
				CLANG_WARN_CONSTANT_CONVERSION = YES;
				CLANG_WARN_DIRECT_OBJC_ISA_USAGE = YES_ERROR;
				CLANG_WARN_EMPTY_BODY = YES;
				CLANG_WARN_ENUM_CONVERSION = YES;
				CLANG_WARN_INT_CONVERSION = YES;
				CLANG_WARN_OBJC_ROOT_CLASS = YES_ERROR;
				CLANG_WARN_UNREACHABLE_CODE = YES;
				CLANG_WARN__DUPLICATE_METHOD_MATCH = YES;
				"CODE_SIGN_IDENTITY[sdk=iphoneos*]" = "iPhone Developer";
				COPY_PHASE_STRIP = NO;
				DEBUG_INFORMATION_FORMAT = "dwarf-with-dsym";
				ENABLE_NS_ASSERTIONS = NO;
				ENABLE_STRICT_OBJC_MSGSEND = YES;
				GCC_C_LANGUAGE_STANDARD = gnu99;
				GCC_NO_COMMON_BLOCKS = YES;
				GCC_WARN_64_TO_32_BIT_CONVERSION = YES;
				GCC_WARN_ABOUT_RETURN_TYPE = YES_ERROR;
				GCC_WARN_UNDECLARED_SELECTOR = YES;
				GCC_WARN_UNINITIALIZED_AUTOS = YES_AGGRESSIVE;
				GCC_WARN_UNUSED_FUNCTION = YES;
				GCC_WARN_UNUSED_VARIABLE = YES;
				IPHONEOS_DEPLOYMENT_TARGET = 9.3;
				MTL_ENABLE_DEBUG_INFO = NO;
				SDKROOT = iphoneos;
				VALIDATE_PRODUCT = YES;
			};
			name = Release;
		};
		C9B3E1941C60D1510006D44B /* Debug */ = {
			isa = XCBuildConfiguration;
			baseConfigurationReference = E4447FF349A1136C74E8CAF5 /* Pods-CCWeibo.debug.xcconfig */;
			buildSettings = {
				ASSETCATALOG_COMPILER_APPICON_NAME = AppIcon;
				CODE_SIGN_IDENTITY = "iPhone Developer";
				INFOPLIST_FILE = CCWeibo/Info.plist;
				IPHONEOS_DEPLOYMENT_TARGET = 9.0;
				LD_RUNPATH_SEARCH_PATHS = "$(inherited) @executable_path/Frameworks";
				PRODUCT_BUNDLE_IDENTIFIER = cc.cache.CCWeibo;
				PRODUCT_NAME = "$(TARGET_NAME)";
			};
			name = Debug;
		};
		C9B3E1951C60D1510006D44B /* Release */ = {
			isa = XCBuildConfiguration;
			baseConfigurationReference = BF0084A52034F78948100685 /* Pods-CCWeibo.release.xcconfig */;
			buildSettings = {
				ASSETCATALOG_COMPILER_APPICON_NAME = AppIcon;
				CODE_SIGN_IDENTITY = "iPhone Developer";
				INFOPLIST_FILE = CCWeibo/Info.plist;
				IPHONEOS_DEPLOYMENT_TARGET = 9.0;
				LD_RUNPATH_SEARCH_PATHS = "$(inherited) @executable_path/Frameworks";
				PRODUCT_BUNDLE_IDENTIFIER = cc.cache.CCWeibo;
				PRODUCT_NAME = "$(TARGET_NAME)";
			};
			name = Release;
		};
		C9B3E1971C60D1510006D44B /* Debug */ = {
			isa = XCBuildConfiguration;
			baseConfigurationReference = 798FF8FC5ECE9C7492079A65 /* Pods-CCWeiboTests.debug.xcconfig */;
			buildSettings = {
				BUNDLE_LOADER = "$(TEST_HOST)";
				INFOPLIST_FILE = CCWeiboTests/Info.plist;
				LD_RUNPATH_SEARCH_PATHS = "$(inherited) @executable_path/Frameworks @loader_path/Frameworks";
				PRODUCT_BUNDLE_IDENTIFIER = cc.cache.CCWeiboTests;
				PRODUCT_NAME = "$(TARGET_NAME)";
				TEST_HOST = "$(BUILT_PRODUCTS_DIR)/CCWeibo.app/CCWeibo";
			};
			name = Debug;
		};
		C9B3E1981C60D1510006D44B /* Release */ = {
			isa = XCBuildConfiguration;
			baseConfigurationReference = 4BEFC17DFDD4FB7962D5DB2A /* Pods-CCWeiboTests.release.xcconfig */;
			buildSettings = {
				BUNDLE_LOADER = "$(TEST_HOST)";
				INFOPLIST_FILE = CCWeiboTests/Info.plist;
				LD_RUNPATH_SEARCH_PATHS = "$(inherited) @executable_path/Frameworks @loader_path/Frameworks";
				PRODUCT_BUNDLE_IDENTIFIER = cc.cache.CCWeiboTests;
				PRODUCT_NAME = "$(TARGET_NAME)";
				TEST_HOST = "$(BUILT_PRODUCTS_DIR)/CCWeibo.app/CCWeibo";
			};
			name = Release;
		};
		C9B3E19A1C60D1510006D44B /* Debug */ = {
			isa = XCBuildConfiguration;
			baseConfigurationReference = 54218E1B930A97C1B84A1620 /* Pods-CCWeiboUITests.debug.xcconfig */;
			buildSettings = {
				INFOPLIST_FILE = CCWeiboUITests/Info.plist;
				IPHONEOS_DEPLOYMENT_TARGET = 9.0;
				LD_RUNPATH_SEARCH_PATHS = "$(inherited) @executable_path/Frameworks @loader_path/Frameworks";
				PRODUCT_BUNDLE_IDENTIFIER = cc.cache.CCWeiboUITests;
				PRODUCT_NAME = "$(TARGET_NAME)";
				TEST_TARGET_NAME = CCWeibo;
			};
			name = Debug;
		};
		C9B3E19B1C60D1510006D44B /* Release */ = {
			isa = XCBuildConfiguration;
			baseConfigurationReference = E51D8DB4D7850C68FA2C3DB7 /* Pods-CCWeiboUITests.release.xcconfig */;
			buildSettings = {
				INFOPLIST_FILE = CCWeiboUITests/Info.plist;
				IPHONEOS_DEPLOYMENT_TARGET = 9.0;
				LD_RUNPATH_SEARCH_PATHS = "$(inherited) @executable_path/Frameworks @loader_path/Frameworks";
				PRODUCT_BUNDLE_IDENTIFIER = cc.cache.CCWeiboUITests;
				PRODUCT_NAME = "$(TARGET_NAME)";
				TEST_TARGET_NAME = CCWeibo;
			};
			name = Release;
		};
/* End XCBuildConfiguration section */

/* Begin XCConfigurationList section */
		C9B3E1661C60D1510006D44B /* Build configuration list for PBXProject "CCWeibo" */ = {
			isa = XCConfigurationList;
			buildConfigurations = (
				C9B3E1911C60D1510006D44B /* Debug */,
				C9B3E1921C60D1510006D44B /* Release */,
			);
			defaultConfigurationIsVisible = 0;
			defaultConfigurationName = Release;
		};
		C9B3E1931C60D1510006D44B /* Build configuration list for PBXNativeTarget "CCWeibo" */ = {
			isa = XCConfigurationList;
			buildConfigurations = (
				C9B3E1941C60D1510006D44B /* Debug */,
				C9B3E1951C60D1510006D44B /* Release */,
			);
			defaultConfigurationIsVisible = 0;
			defaultConfigurationName = Release;
		};
		C9B3E1961C60D1510006D44B /* Build configuration list for PBXNativeTarget "CCWeiboTests" */ = {
			isa = XCConfigurationList;
			buildConfigurations = (
				C9B3E1971C60D1510006D44B /* Debug */,
				C9B3E1981C60D1510006D44B /* Release */,
			);
			defaultConfigurationIsVisible = 0;
			defaultConfigurationName = Release;
		};
		C9B3E1991C60D1510006D44B /* Build configuration list for PBXNativeTarget "CCWeiboUITests" */ = {
			isa = XCConfigurationList;
			buildConfigurations = (
				C9B3E19A1C60D1510006D44B /* Debug */,
				C9B3E19B1C60D1510006D44B /* Release */,
			);
			defaultConfigurationIsVisible = 0;
			defaultConfigurationName = Release;
		};
/* End XCConfigurationList section */
	};
	rootObject = C9B3E1631C60D1510006D44B /* Project object */;
}
